
Microsoft Visual Studio Solution File, Format Version 12.00
# Visual Studio Version 16
VisualStudioVersion = 16.0.29319.158
MinimumVisualStudioVersion = 10.0.40219.1
Project("{9A19103F-16F7-4668-BE54-9A1E7A4F7556}") = "ToDoServer", "ToDoServer\ToDoServer.csproj", "{0B90DBCF-09B9-4B9B-B50C-7C665F1D87FF}"
EndProject
Project("{9A19103F-16F7-4668-BE54-9A1E7A4F7556}") = "ToDoService", "ToDoService\ToDoService.csproj", "{CDB515E1-7F45-46D1-8607-8C6F36F83ED6}"
EndProject
Project("{9A19103F-16F7-4668-BE54-9A1E7A4F7556}") = "ToDoClient", "ToDoClient\ToDoClient.csproj", "{92C016B5-521A-4D2E-B133-43B459E7DE48}"
EndProject
Project("{A07B5EB6-E848-4116-A8D0-A826331D98C6}") = "ServiceFabric", "ServiceFabric\ServiceFabric.sfproj", "{B407E4A3-5940-458C-B7B7-E8D3DC0A95D8}"
EndProject
Project("{FAE04EC0-301F-11D3-BF4B-00C04F79EFBC}") = "Kubernetes", "Kubernetes\Kubernetes.csproj", "{466C29D3-A799-4664-8DBF-C08FE03A9F99}"
EndProject
Global
	GlobalSection(SolutionConfigurationPlatforms) = preSolution
		Debug|Any CPU = Debug|Any CPU
		Debug|x64 = Debug|x64
		Release|Any CPU = Release|Any CPU
		Release|x64 = Release|x64
	EndGlobalSection
	GlobalSection(ProjectConfigurationPlatforms) = postSolution
		{0B90DBCF-09B9-4B9B-B50C-7C665F1D87FF}.Debug|Any CPU.ActiveCfg = Debug|Any CPU
		{0B90DBCF-09B9-4B9B-B50C-7C665F1D87FF}.Debug|Any CPU.Build.0 = Debug|Any CPU
		{0B90DBCF-09B9-4B9B-B50C-7C665F1D87FF}.Debug|x64.ActiveCfg = Debug|Any CPU
		{0B90DBCF-09B9-4B9B-B50C-7C665F1D87FF}.Debug|x64.Build.0 = Debug|Any CPU
		{0B90DBCF-09B9-4B9B-B50C-7C665F1D87FF}.Release|Any CPU.ActiveCfg = Release|Any CPU
		{0B90DBCF-09B9-4B9B-B50C-7C665F1D87FF}.Release|Any CPU.Build.0 = Release|Any CPU
		{0B90DBCF-09B9-4B9B-B50C-7C665F1D87FF}.Release|x64.ActiveCfg = Release|Any CPU
		{0B90DBCF-09B9-4B9B-B50C-7C665F1D87FF}.Release|x64.Build.0 = Release|Any CPU
		{CDB515E1-7F45-46D1-8607-8C6F36F83ED6}.Debug|Any CPU.ActiveCfg = Debug|Any CPU
		{CDB515E1-7F45-46D1-8607-8C6F36F83ED6}.Debug|Any CPU.Build.0 = Debug|Any CPU
		{CDB515E1-7F45-46D1-8607-8C6F36F83ED6}.Debug|x64.ActiveCfg = Debug|Any CPU
		{CDB515E1-7F45-46D1-8607-8C6F36F83ED6}.Release|Any CPU.ActiveCfg = Release|Any CPU
		{CDB515E1-7F45-46D1-8607-8C6F36F83ED6}.Release|Any CPU.Build.0 = Release|Any CPU
		{CDB515E1-7F45-46D1-8607-8C6F36F83ED6}.Release|x64.ActiveCfg = Release|Any CPU
		{92C016B5-521A-4D2E-B133-43B459E7DE48}.Debug|Any CPU.ActiveCfg = Debug|Any CPU
		{92C016B5-521A-4D2E-B133-43B459E7DE48}.Debug|Any CPU.Build.0 = Debug|Any CPU
		{92C016B5-521A-4D2E-B133-43B459E7DE48}.Debug|x64.ActiveCfg = Debug|Any CPU
		{92C016B5-521A-4D2E-B133-43B459E7DE48}.Debug|x64.Build.0 = Debug|Any CPU
		{92C016B5-521A-4D2E-B133-43B459E7DE48}.Release|Any CPU.ActiveCfg = Release|Any CPU
		{92C016B5-521A-4D2E-B133-43B459E7DE48}.Release|Any CPU.Build.0 = Release|Any CPU
		{92C016B5-521A-4D2E-B133-43B459E7DE48}.Release|x64.ActiveCfg = Release|Any CPU
		{92C016B5-521A-4D2E-B133-43B459E7DE48}.Release|x64.Build.0 = Release|Any CPU
		{B407E4A3-5940-458C-B7B7-E8D3DC0A95D8}.Debug|Any CPU.ActiveCfg = Debug|x64
		{B407E4A3-5940-458C-B7B7-E8D3DC0A95D8}.Debug|x64.ActiveCfg = Debug|x64
		{B407E4A3-5940-458C-B7B7-E8D3DC0A95D8}.Debug|x64.Build.0 = Debug|x64
		{B407E4A3-5940-458C-B7B7-E8D3DC0A95D8}.Debug|x64.Deploy.0 = Debug|x64
		{B407E4A3-5940-458C-B7B7-E8D3DC0A95D8}.Release|Any CPU.ActiveCfg = Release|x64
		{B407E4A3-5940-458C-B7B7-E8D3DC0A95D8}.Release|x64.ActiveCfg = Release|x64
		{B407E4A3-5940-458C-B7B7-E8D3DC0A95D8}.Release|x64.Build.0 = Release|x64
		{B407E4A3-5940-458C-B7B7-E8D3DC0A95D8}.Release|x64.Deploy.0 = Release|x64
		{466C29D3-A799-4664-8DBF-C08FE03A9F99}.Debug|Any CPU.ActiveCfg = Debug|Any CPU
		{466C29D3-A799-4664-8DBF-C08FE03A9F99}.Debug|Any CPU.Build.0 = Debug|Any CPU
		{466C29D3-A799-4664-8DBF-C08FE03A9F99}.Debug|x64.ActiveCfg = Debug|Any CPU
		{466C29D3-A799-4664-8DBF-C08FE03A9F99}.Debug|x64.Build.0 = Debug|Any CPU
		{466C29D3-A799-4664-8DBF-C08FE03A9F99}.Release|Any CPU.ActiveCfg = Release|Any CPU
		{466C29D3-A799-4664-8DBF-C08FE03A9F99}.Release|Any CPU.Build.0 = Release|Any CPU
		{466C29D3-A799-4664-8DBF-C08FE03A9F99}.Release|x64.ActiveCfg = Release|Any CPU
		{466C29D3-A799-4664-8DBF-C08FE03A9F99}.Release|x64.Build.0 = Release|Any CPU
	EndGlobalSection
	GlobalSection(SolutionProperties) = preSolution
		HideSolutionNode = FALSE
	EndGlobalSection
	GlobalSection(ExtensibilityGlobals) = postSolution
		SolutionGuid = {FBD19001-AFEF-437C-8BDF-F8E5F0EB6BA7}
	EndGlobalSection
EndGlobal
